// !$*UTF8*$!
{
	archiveVersion = 1;
	classes = {
	};
	objectVersion = 50;
	objects = {

/* Begin PBXBuildFile section */
		08FCEFF225E64726003CC332 /* DataModel.xcdatamodeld in Sources */ = {isa = PBXBuildFile; fileRef = 08FCEFF025E64726003CC332 /* DataModel.xcdatamodeld */; };
		08FCEFF825E665FC003CC332 /* DataManager.swift in Sources */ = {isa = PBXBuildFile; fileRef = 08FCEFF725E665FC003CC332 /* DataManager.swift */; };
		301F4F9E25E642C600DEC002 /* AppDelegate.swift in Sources */ = {isa = PBXBuildFile; fileRef = 301F4F9D25E642C600DEC002 /* AppDelegate.swift */; };
		301F4FA025E642C600DEC002 /* SceneDelegate.swift in Sources */ = {isa = PBXBuildFile; fileRef = 301F4F9F25E642C600DEC002 /* SceneDelegate.swift */; };
		301F4FA225E642C600DEC002 /* ViewController.swift in Sources */ = {isa = PBXBuildFile; fileRef = 301F4FA125E642C600DEC002 /* ViewController.swift */; };
		301F4FA525E642C600DEC002 /* Main.storyboard in Resources */ = {isa = PBXBuildFile; fileRef = 301F4FA325E642C600DEC002 /* Main.storyboard */; };
		301F4FAA25E642C700DEC002 /* Assets.xcassets in Resources */ = {isa = PBXBuildFile; fileRef = 301F4FA925E642C700DEC002 /* Assets.xcassets */; };
		301F4FAD25E642C700DEC002 /* LaunchScreen.storyboard in Resources */ = {isa = PBXBuildFile; fileRef = 301F4FAB25E642C700DEC002 /* LaunchScreen.storyboard */; };
		301F4FB925E651A300DEC002 /* TodosListTableViewController.swift in Sources */ = {isa = PBXBuildFile; fileRef = 301F4FB825E651A300DEC002 /* TodosListTableViewController.swift */; };
		301F4FBC25E6535600DEC002 /* AddTodoTableViewController.swift in Sources */ = {isa = PBXBuildFile; fileRef = 301F4FBB25E6535600DEC002 /* AddTodoTableViewController.swift */; };
/* End PBXBuildFile section */

/* Begin PBXFileReference section */
		08FCEFF125E64726003CC332 /* DataModel.xcdatamodel */ = {isa = PBXFileReference; lastKnownFileType = wrapper.xcdatamodel; path = DataModel.xcdatamodel; sourceTree = "<group>"; };
		08FCEFF725E665FC003CC332 /* DataManager.swift */ = {isa = PBXFileReference; lastKnownFileType = sourcecode.swift; path = DataManager.swift; sourceTree = "<group>"; };
		301F4F9A25E642C600DEC002 /* Todo_CoreData.app */ = {isa = PBXFileReference; explicitFileType = wrapper.application; includeInIndex = 0; path = Todo_CoreData.app; sourceTree = BUILT_PRODUCTS_DIR; };
		301F4F9D25E642C600DEC002 /* AppDelegate.swift */ = {isa = PBXFileReference; lastKnownFileType = sourcecode.swift; path = AppDelegate.swift; sourceTree = "<group>"; };
		301F4F9F25E642C600DEC002 /* SceneDelegate.swift */ = {isa = PBXFileReference; lastKnownFileType = sourcecode.swift; path = SceneDelegate.swift; sourceTree = "<group>"; };
		301F4FA125E642C600DEC002 /* ViewController.swift */ = {isa = PBXFileReference; lastKnownFileType = sourcecode.swift; path = ViewController.swift; sourceTree = "<group>"; };
		301F4FA425E642C600DEC002 /* Base */ = {isa = PBXFileReference; lastKnownFileType = file.storyboard; name = Base; path = Base.lproj/Main.storyboard; sourceTree = "<group>"; };
		301F4FA925E642C700DEC002 /* Assets.xcassets */ = {isa = PBXFileReference; lastKnownFileType = folder.assetcatalog; path = Assets.xcassets; sourceTree = "<group>"; };
		301F4FAC25E642C700DEC002 /* Base */ = {isa = PBXFileReference; lastKnownFileType = file.storyboard; name = Base; path = Base.lproj/LaunchScreen.storyboard; sourceTree = "<group>"; };
		301F4FAE25E642C700DEC002 /* Info.plist */ = {isa = PBXFileReference; lastKnownFileType = text.plist.xml; path = Info.plist; sourceTree = "<group>"; };
		301F4FB825E651A300DEC002 /* TodosListTableViewController.swift */ = {isa = PBXFileReference; lastKnownFileType = sourcecode.swift; path = TodosListTableViewController.swift; sourceTree = "<group>"; };
		301F4FBB25E6535600DEC002 /* AddTodoTableViewController.swift */ = {isa = PBXFileReference; lastKnownFileType = sourcecode.swift; path = AddTodoTableViewController.swift; sourceTree = "<group>"; };
/* End PBXFileReference section */

/* Begin PBXFrameworksBuildPhase section */
		301F4F9725E642C600DEC002 /* Frameworks */ = {
			isa = PBXFrameworksBuildPhase;
			buildActionMask = 2147483647;
			files = (
			);
			runOnlyForDeploymentPostprocessing = 0;
		};
/* End PBXFrameworksBuildPhase section */

/* Begin PBXGroup section */
		301F4F9125E642C600DEC002 = {
			isa = PBXGroup;
			children = (
				301F4F9C25E642C600DEC002 /* Todo_CoreData */,
				301F4F9B25E642C600DEC002 /* Products */,
			);
			sourceTree = "<group>";
		};
		301F4F9B25E642C600DEC002 /* Products */ = {
			isa = PBXGroup;
			children = (
				301F4F9A25E642C600DEC002 /* Todo_CoreData.app */,
			);
			name = Products;
			sourceTree = "<group>";
		};
		301F4F9C25E642C600DEC002 /* Todo_CoreData */ = {
			isa = PBXGroup;
			children = (
				301F4FB625E64C9D00DEC002 /* ViewControllers */,
				301F4F9D25E642C600DEC002 /* AppDelegate.swift */,
				08FCEFF025E64726003CC332 /* DataModel.xcdatamodeld */,
				301F4F9F25E642C600DEC002 /* SceneDelegate.swift */,
				301F4FA125E642C600DEC002 /* ViewController.swift */,
				301F4FA325E642C600DEC002 /* Main.storyboard */,
				301F4FA925E642C700DEC002 /* Assets.xcassets */,
				301F4FAB25E642C700DEC002 /* LaunchScreen.storyboard */,
				301F4FAE25E642C700DEC002 /* Info.plist */,
				08FCEFF725E665FC003CC332 /* DataManager.swift */,
			);
			path = Todo_CoreData;
			sourceTree = "<group>";
		};
		301F4FB625E64C9D00DEC002 /* ViewControllers */ = {
			isa = PBXGroup;
			children = (
				301F4FB825E651A300DEC002 /* TodosListTableViewController.swift */,
				301F4FBB25E6535600DEC002 /* AddTodoTableViewController.swift */,
			);
			path = ViewControllers;
			sourceTree = "<group>";
		};
/* End PBXGroup section */

/* Begin PBXNativeTarget section */
		301F4F9925E642C600DEC002 /* Todo_CoreData */ = {
			isa = PBXNativeTarget;
			buildConfigurationList = 301F4FB125E642C700DEC002 /* Build configuration list for PBXNativeTarget "Todo_CoreData" */;
			buildPhases = (
				301F4F9625E642C600DEC002 /* Sources */,
				301F4F9725E642C600DEC002 /* Frameworks */,
				301F4F9825E642C600DEC002 /* Resources */,
			);
			buildRules = (
			);
			dependencies = (
			);
			name = Todo_CoreData;
			productName = Todo_CoreData;
			productReference = 301F4F9A25E642C600DEC002 /* Todo_CoreData.app */;
			productType = "com.apple.product-type.application";
		};
/* End PBXNativeTarget section */

/* Begin PBXProject section */
		301F4F9225E642C600DEC002 /* Project object */ = {
			isa = PBXProject;
			attributes = {
				LastSwiftUpdateCheck = 1240;
				LastUpgradeCheck = 1240;
				TargetAttributes = {
					301F4F9925E642C600DEC002 = {
						CreatedOnToolsVersion = 12.4;
					};
				};
			};
			buildConfigurationList = 301F4F9525E642C600DEC002 /* Build configuration list for PBXProject "Todo_CoreData" */;
			compatibilityVersion = "Xcode 9.3";
			developmentRegion = en;
			hasScannedForEncodings = 0;
			knownRegions = (
				en,
				Base,
			);
			mainGroup = 301F4F9125E642C600DEC002;
			productRefGroup = 301F4F9B25E642C600DEC002 /* Products */;
			projectDirPath = "";
			projectRoot = "";
			targets = (
				301F4F9925E642C600DEC002 /* Todo_CoreData */,
			);
		};
/* End PBXProject section */

/* Begin PBXResourcesBuildPhase section */
		301F4F9825E642C600DEC002 /* Resources */ = {
			isa = PBXResourcesBuildPhase;
			buildActionMask = 2147483647;
			files = (
				301F4FAD25E642C700DEC002 /* LaunchScreen.storyboard in Resources */,
				301F4FAA25E642C700DEC002 /* Assets.xcassets in Resources */,
				301F4FA525E642C600DEC002 /* Main.storyboard in Resources */,
			);
			runOnlyForDeploymentPostprocessing = 0;
		};
/* End PBXResourcesBuildPhase section */

/* Begin PBXSourcesBuildPhase section */
		301F4F9625E642C600DEC002 /* Sources */ = {
			isa = PBXSourcesBuildPhase;
			buildActionMask = 2147483647;
			files = (
				301F4FB925E651A300DEC002 /* TodosListTableViewController.swift in Sources */,
				08FCEFF825E665FC003CC332 /* DataManager.swift in Sources */,
				301F4FBC25E6535600DEC002 /* AddTodoTableViewController.swift in Sources */,
				301F4FA225E642C600DEC002 /* ViewController.swift in Sources */,
				08FCEFF225E64726003CC332 /* DataModel.xcdatamodeld in Sources */,
				301F4F9E25E642C600DEC002 /* AppDelegate.swift in Sources */,
				301F4FA025E642C600DEC002 /* SceneDelegate.swift in Sources */,
			);
			runOnlyForDeploymentPostprocessing = 0;
		};
/* End PBXSourcesBuildPhase section */

/* Begin PBXVariantGroup section */
		301F4FA325E642C600DEC002 /* Main.storyboard */ = {
			isa = PBXVariantGroup;
			children = (
				301F4FA425E642C600DEC002 /* Base */,
			);
			name = Main.storyboard;
			sourceTree = "<group>";
		};
		301F4FAB25E642C700DEC002 /* LaunchScreen.storyboard */ = {
			isa = PBXVariantGroup;
			children = (
				301F4FAC25E642C700DEC002 /* Base */,
			);
			name = LaunchScreen.storyboard;
			sourceTree = "<group>";
		};
/* End PBXVariantGroup section */

/* Begin XCBuildConfiguration section */
		301F4FAF25E642C700DEC002 /* Debug */ = {
			isa = XCBuildConfiguration;
			buildSettings = {
				ALWAYS_SEARCH_USER_PATHS = NO;
				CLANG_ANALYZER_NONNULL = YES;
				CLANG_ANALYZER_NUMBER_OBJECT_CONVERSION = YES_AGGRESSIVE;
				CLANG_CXX_LANGUAGE_STANDARD = "gnu++14";
				CLANG_CXX_LIBRARY = "libc++";
				CLANG_ENABLE_MODULES = YES;
				CLANG_ENABLE_OBJC_ARC = YES;
				CLANG_ENABLE_OBJC_WEAK = YES;
				CLANG_WARN_BLOCK_CAPTURE_AUTORELEASING = YES;
				CLANG_WARN_BOOL_CONVERSION = YES;
				CLANG_WARN_COMMA = YES;
				CLANG_WARN_CONSTANT_CONVERSION = YES;
				CLANG_WARN_DEPRECATED_OBJC_IMPLEMENTATIONS = YES;
				CLANG_WARN_DIRECT_OBJC_ISA_USAGE = YES_ERROR;
				CLANG_WARN_DOCUMENTATION_COMMENTS = YES;
				CLANG_WARN_EMPTY_BODY = YES;
				CLANG_WARN_ENUM_CONVERSION = YES;
				CLANG_WARN_INFINITE_RECURSION = YES;
				CLANG_WARN_INT_CONVERSION = YES;
				CLANG_WARN_NON_LITERAL_NULL_CONVERSION = YES;
				CLANG_WARN_OBJC_IMPLICIT_RETAIN_SELF = YES;
				CLANG_WARN_OBJC_LITERAL_CONVERSION = YES;
				CLANG_WARN_OBJC_ROOT_CLASS = YES_ERROR;
				CLANG_WARN_QUOTED_INCLUDE_IN_FRAMEWORK_HEADER = YES;
				CLANG_WARN_RANGE_LOOP_ANALYSIS = YES;
				CLANG_WARN_STRICT_PROTOTYPES = YES;
				CLANG_WARN_SUSPICIOUS_MOVE = YES;
				CLANG_WARN_UNGUARDED_AVAILABILITY = YES_AGGRESSIVE;
				CLANG_WARN_UNREACHABLE_CODE = YES;
				CLANG_WARN__DUPLICATE_METHOD_MATCH = YES;
				COPY_PHASE_STRIP = NO;
				DEBUG_INFORMATION_FORMAT = dwarf;
				ENABLE_STRICT_OBJC_MSGSEND = YES;
				ENABLE_TESTABILITY = YES;
				GCC_C_LANGUAGE_STANDARD = gnu11;
				GCC_DYNAMIC_NO_PIC = NO;
				GCC_NO_COMMON_BLOCKS = YES;
				GCC_OPTIMIZATION_LEVEL = 0;
				GCC_PREPROCESSOR_DEFINITIONS = (
					"DEBUG=1",
					"$(inherited)",
				);
				GCC_WARN_64_TO_32_BIT_CONVERSION = YES;
				GCC_WARN_ABOUT_RETURN_TYPE = YES_ERROR;
				GCC_WARN_UNDECLARED_SELECTOR = YES;
				GCC_WARN_UNINITIALIZED_AUTOS = YES_AGGRESSIVE;
				GCC_WARN_UNUSED_FUNCTION = YES;
				GCC_WARN_UNUSED_VARIABLE = YES;
				IPHONEOS_DEPLOYMENT_TARGET = 14.4;
				MTL_ENABLE_DEBUG_INFO = INCLUDE_SOURCE;
				MTL_FAST_MATH = YES;
				ONLY_ACTIVE_ARCH = YES;
				SDKROOT = iphoneos;
				SWIFT_ACTIVE_COMPILATION_CONDITIONS = DEBUG;
				SWIFT_OPTIMIZATION_LEVEL = "-Onone";
			};
			name = Debug;
		};
		301F4FB025E642C700DEC002 /* Release */ = {
			isa = XCBuildConfiguration;
			buildSettings = {
				ALWAYS_SEARCH_USER_PATHS = NO;
				CLANG_ANALYZER_NONNULL = YES;
				CLANG_ANALYZER_NUMBER_OBJECT_CONVERSION = YES_AGGRESSIVE;
				CLANG_CXX_LANGUAGE_STANDARD = "gnu++14";
				CLANG_CXX_LIBRARY = "libc++";
				CLANG_ENABLE_MODULES = YES;
				CLANG_ENABLE_OBJC_ARC = YES;
				CLANG_ENABLE_OBJC_WEAK = YES;
				CLANG_WARN_BLOCK_CAPTURE_AUTORELEASING = YES;
				CLANG_WARN_BOOL_CONVERSION = YES;
				CLANG_WARN_COMMA = YES;
				CLANG_WARN_CONSTANT_CONVERSION = YES;
				CLANG_WARN_DEPRECATED_OBJC_IMPLEMENTATIONS = YES;
				CLANG_WARN_DIRECT_OBJC_ISA_USAGE = YES_ERROR;
				CLANG_WARN_DOCUMENTATION_COMMENTS = YES;
				CLANG_WARN_EMPTY_BODY = YES;
				CLANG_WARN_ENUM_CONVERSION = YES;
				CLANG_WARN_INFINITE_RECURSION = YES;
				CLANG_WARN_INT_CONVERSION = YES;
				CLANG_WARN_NON_LITERAL_NULL_CONVERSION = YES;
				CLANG_WARN_OBJC_IMPLICIT_RETAIN_SELF = YES;
				CLANG_WARN_OBJC_LITERAL_CONVERSION = YES;
				CLANG_WARN_OBJC_ROOT_CLASS = YES_ERROR;
				CLANG_WARN_QUOTED_INCLUDE_IN_FRAMEWORK_HEADER = YES;
				CLANG_WARN_RANGE_LOOP_ANALYSIS = YES;
				CLANG_WARN_STRICT_PROTOTYPES = YES;
				CLANG_WARN_SUSPICIOUS_MOVE = YES;
				CLANG_WARN_UNGUARDED_AVAILABILITY = YES_AGGRESSIVE;
				CLANG_WARN_UNREACHABLE_CODE = YES;
				CLANG_WARN__DUPLICATE_METHOD_MATCH = YES;
				COPY_PHASE_STRIP = NO;
				DEBUG_INFORMATION_FORMAT = "dwarf-with-dsym";
				ENABLE_NS_ASSERTIONS = NO;
				ENABLE_STRICT_OBJC_MSGSEND = YES;
				GCC_C_LANGUAGE_STANDARD = gnu11;
				GCC_NO_COMMON_BLOCKS = YES;
				GCC_WARN_64_TO_32_BIT_CONVERSION = YES;
				GCC_WARN_ABOUT_RETURN_TYPE = YES_ERROR;
				GCC_WARN_UNDECLARED_SELECTOR = YES;
				GCC_WARN_UNINITIALIZED_AUTOS = YES_AGGRESSIVE;
				GCC_WARN_UNUSED_FUNCTION = YES;
				GCC_WARN_UNUSED_VARIABLE = YES;
				IPHONEOS_DEPLOYMENT_TARGET = 14.4;
				MTL_ENABLE_DEBUG_INFO = NO;
				MTL_FAST_MATH = YES;
				SDKROOT = iphoneos;
				SWIFT_COMPILATION_MODE = wholemodule;
				SWIFT_OPTIMIZATION_LEVEL = "-O";
				VALIDATE_PRODUCT = YES;
			};
			name = Release;
		};
		301F4FB225E642C700DEC002 /* Debug */ = {
			isa = XCBuildConfiguration;
			buildSettings = {
				ASSETCATALOG_COMPILER_APPICON_NAME = AppIcon;
				ASSETCATALOG_COMPILER_GLOBAL_ACCENT_COLOR_NAME = AccentColor;
				CODE_SIGN_STYLE = Automatic;
				INFOPLIST_FILE = Todo_CoreData/Info.plist;
				LD_RUNPATH_SEARCH_PATHS = (
					"$(inherited)",
					"@executable_path/Frameworks",
				);
				PRODUCT_BUNDLE_IDENTIFIER = "ben.Todo-CoreData";
				PRODUCT_NAME = "$(TARGET_NAME)";
				SWIFT_VERSION = 5.0;
				TARGETED_DEVICE_FAMILY = "1,2";
			};
			name = Debug;
		};
		301F4FB325E642C700DEC002 /* Release */ = {
			isa = XCBuildConfiguration;
			buildSettings = {
				ASSETCATALOG_COMPILER_APPICON_NAME = AppIcon;
				ASSETCATALOG_COMPILER_GLOBAL_ACCENT_COLOR_NAME = AccentColor;
				CODE_SIGN_STYLE = Automatic;
				INFOPLIST_FILE = Todo_CoreData/Info.plist;
				LD_RUNPATH_SEARCH_PATHS = (
					"$(inherited)",
					"@executable_path/Frameworks",
				);
				PRODUCT_BUNDLE_IDENTIFIER = "ben.Todo-CoreData";
				PRODUCT_NAME = "$(TARGET_NAME)";
				SWIFT_VERSION = 5.0;
				TARGETED_DEVICE_FAMILY = "1,2";
			};
			name = Release;
		};
/* End XCBuildConfiguration section */

/* Begin XCConfigurationList section */
		301F4F9525E642C600DEC002 /* Build configuration list for PBXProject "Todo_CoreData" */ = {
			isa = XCConfigurationList;
			buildConfigurations = (
				301F4FAF25E642C700DEC002 /* Debug */,
				301F4FB025E642C700DEC002 /* Release */,
			);
			defaultConfigurationIsVisible = 0;
			defaultConfigurationName = Release;
		};
		301F4FB125E642C700DEC002 /* Build configuration list for PBXNativeTarget "Todo_CoreData" */ = {
			isa = XCConfigurationList;
			buildConfigurations = (
				301F4FB225E642C700DEC002 /* Debug */,
				301F4FB325E642C700DEC002 /* Release */,
			);
			defaultConfigurationIsVisible = 0;
			defaultConfigurationName = Release;
		};
/* End XCConfigurationList section */

/* Begin XCVersionGroup section */
		08FCEFF025E64726003CC332 /* DataModel.xcdatamodeld */ = {
			isa = XCVersionGroup;
			children = (
				08FCEFF125E64726003CC332 /* DataModel.xcdatamodel */,
			);
			currentVersion = 08FCEFF125E64726003CC332 /* DataModel.xcdatamodel */;
			path = DataModel.xcdatamodeld;
			sourceTree = "<group>";
			versionGroupType = wrapper.xcdatamodel;
		};
/* End XCVersionGroup section */
	};
	rootObject = 301F4F9225E642C600DEC002 /* Project object */;
}
